// !$*UTF8*$!
{
	archiveVersion = 1;
	classes = {
	};
	objectVersion = 56;
	objects = {

/* Begin PBXBuildFile section */
		6B5A295A2E3016F800900274 /* BackgroundTaskManager.swift in Sources */ = {isa = PBXBuildFile; fileRef = 6B5A29592E3016F700900274 /* BackgroundTaskManager.swift */; };
		6B5A295D2E30AD8D00900274 /* NotificationManager.swift in Sources */ = {isa = PBXBuildFile; fileRef = 6B5A295C2E30AD8A00900274 /* NotificationManager.swift */; };
		6B5A295F2E318B5600900274 /* FocusModeView.swift in Sources */ = {isa = PBXBuildFile; fileRef = 6B5A295E2E318B5500900274 /* FocusModeView.swift */; };
		6B5A29612E318B8600900274 /* PieSliceView.swift in Sources */ = {isa = PBXBuildFile; fileRef = 6B5A29602E318B8300900274 /* PieSliceView.swift */; };
		6B5A29692E33D07F00900274 /* EditScheduleView.swift in Sources */ = {isa = PBXBuildFile; fileRef = 6B5A29682E33D04F00900274 /* EditScheduleView.swift */; };
		6B5A296B2E33E7F300900274 /* AssignmentsView.swift in Sources */ = {isa = PBXBuildFile; fileRef = 6B5A296A2E33E7F000900274 /* AssignmentsView.swift */; };
		6B63AC572DEBAA710002FFEC /* FirebaseCore in Frameworks */ = {isa = PBXBuildFile; productRef = 6B63AC562DEBAA710002FFEC /* FirebaseCore */; };
		6B63AC592DEBAA710002FFEC /* FirebaseFunctions in Frameworks */ = {isa = PBXBuildFile; productRef = 6B63AC582DEBAA710002FFEC /* FirebaseFunctions */; };
		6B76A34E2E2085AE0023A7F4 /* Onboarding.swift in Sources */ = {isa = PBXBuildFile; fileRef = 6B76A34D2E2085A90023A7F4 /* Onboarding.swift */; };
		6B76A3542E208AD30023A7F4 /* UpcomingWorkView.swift in Sources */ = {isa = PBXBuildFile; fileRef = 6B76A3532E208AD30023A7F4 /* UpcomingWorkView.swift */; };
		6B76A35C2E2361C30023A7F4 /* Utilities.swift in Sources */ = {isa = PBXBuildFile; fileRef = 6B76A35B2E2361BF0023A7F4 /* Utilities.swift */; };
		6B7BE0382DE8F76600E85F7F /* TimeFlowApp.swift in Sources */ = {isa = PBXBuildFile; fileRef = 6B7BE0372DE8F76600E85F7F /* TimeFlowApp.swift */; };
		6B7BE03A2DE8F76600E85F7F /* ContentView.swift in Sources */ = {isa = PBXBuildFile; fileRef = 6B7BE0392DE8F76600E85F7F /* ContentView.swift */; };
		6B7BE03C2DE8F76700E85F7F /* Assets.xcassets in Resources */ = {isa = PBXBuildFile; fileRef = 6B7BE03B2DE8F76700E85F7F /* Assets.xcassets */; };
		6B7BE03F2DE8F76700E85F7F /* Preview Assets.xcassets in Resources */ = {isa = PBXBuildFile; fileRef = 6B7BE03E2DE8F76700E85F7F /* Preview Assets.xcassets */; };
		6B7BE04B2DE8FC1500E85F7F /* HomeView.swift in Sources */ = {isa = PBXBuildFile; fileRef = 6B7BE04A2DE8FC1500E85F7F /* HomeView.swift */; };
		6B7BE04F2DE933FB00E85F7F /* GoalsDisplayView.swift in Sources */ = {isa = PBXBuildFile; fileRef = 6B7BE04E2DE933FB00E85F7F /* GoalsDisplayView.swift */; };
		6B7BE0512DE9340500E85F7F /* AnalyticsView.swift in Sources */ = {isa = PBXBuildFile; fileRef = 6B7BE0502DE9340500E85F7F /* AnalyticsView.swift */; };
		6B7BE0532DE9340E00E85F7F /* AccountView.swift in Sources */ = {isa = PBXBuildFile; fileRef = 6B7BE0522DE9340E00E85F7F /* AccountView.swift */; };
		6B7BE0562DE934CC00E85F7F /* TabBarView.swift in Sources */ = {isa = PBXBuildFile; fileRef = 6B7BE0552DE934CC00E85F7F /* TabBarView.swift */; };
		6B8E99CB2E04B88A00C2B3DD /* CreateAccView.swift in Sources */ = {isa = PBXBuildFile; fileRef = 6B8E99CA2E04B88A00C2B3DD /* CreateAccView.swift */; };
		6B8E99CD2E051EEE00C2B3DD /* SignInView.swift in Sources */ = {isa = PBXBuildFile; fileRef = 6B8E99CC2E051EEE00C2B3DD /* SignInView.swift */; };
		6B92EDFF2DEA80B80050AA0E /* MessageModel.swift in Sources */ = {isa = PBXBuildFile; fileRef = 6B92EDFE2DEA80B80050AA0E /* MessageModel.swift */; };
		6B967A4E2E2C565D00FEF415 /* AppTheme.swift in Sources */ = {isa = PBXBuildFile; fileRef = 6B967A4D2E2C565900FEF415 /* AppTheme.swift */; };
		6B97E64D2DFA16F900E1C89D /* FirebaseFirestore in Frameworks */ = {isa = PBXBuildFile; productRef = 6B97E64C2DFA16F900E1C89D /* FirebaseFirestore */; };
		6B97E6512DFA2DB200E1C89D /* ContentModel.swift in Sources */ = {isa = PBXBuildFile; fileRef = 6B97E6502DFA2DB200E1C89D /* ContentModel.swift */; };
		6B97E6532DFA2DD900E1C89D /* FirebaseAuth in Frameworks */ = {isa = PBXBuildFile; productRef = 6B97E6522DFA2DD900E1C89D /* FirebaseAuth */; };
		6B97E6552DFA35DD00E1C89D /* LaunchView.swift in Sources */ = {isa = PBXBuildFile; fileRef = 6B97E6542DFA35DD00E1C89D /* LaunchView.swift */; };
		6B97E6582DFA372B00E1C89D /* LoginView.swift in Sources */ = {isa = PBXBuildFile; fileRef = 6B97E6572DFA372B00E1C89D /* LoginView.swift */; };
		6B97E65A2DFA373400E1C89D /* CreateAccountView.swift in Sources */ = {isa = PBXBuildFile; fileRef = 6B97E6592DFA373400E1C89D /* CreateAccountView.swift */; };
		6B97E65C2DFE524B00E1C89D /* SignInLandingView.swift in Sources */ = {isa = PBXBuildFile; fileRef = 6B97E65B2DFE524100E1C89D /* SignInLandingView.swift */; };
		6B97E6612DFE56F400E1C89D /* GoogleSignIn in Frameworks */ = {isa = PBXBuildFile; productRef = 6B97E6602DFE56F400E1C89D /* GoogleSignIn */; };
		6B97E6632DFE56F400E1C89D /* GoogleSignInSwift in Frameworks */ = {isa = PBXBuildFile; productRef = 6B97E6622DFE56F400E1C89D /* GoogleSignInSwift */; };
		6B97E6652E00DAA600E1C89D /* EmailEntryView.swift in Sources */ = {isa = PBXBuildFile; fileRef = 6B97E6642E00DAA600E1C89D /* EmailEntryView.swift */; };
		6BAAD7EA2E05CCB900FFA692 /* GoogleService-Info.plist in Resources */ = {isa = PBXBuildFile; fileRef = 6BAAD7E92E05CCB900FFA692 /* GoogleService-Info.plist */; };
		6BACD74B2E12EFA900922CFC /* SubscriptionView.swift in Sources */ = {isa = PBXBuildFile; fileRef = 6BACD74A2E12EFA900922CFC /* SubscriptionView.swift */; };
		6BACD74E2E1444BE00922CFC /* Extensions.swift in Sources */ = {isa = PBXBuildFile; fileRef = 6BACD74D2E1444BE00922CFC /* Extensions.swift */; };
		6BB338102E11B7D60012AE68 /* RecurringActivityView.swift in Sources */ = {isa = PBXBuildFile; fileRef = 6BB3380F2E11B7D60012AE68 /* RecurringActivityView.swift */; };
		6BCCA6802E0C8135007AFA9B /* OnBoardingView.swift in Sources */ = {isa = PBXBuildFile; fileRef = 6BCCA67F2E0C8135007AFA9B /* OnBoardingView.swift */; };
		6BCCA6852E0CC5E7007AFA9B /* ChatPlaygroundView.swift in Sources */ = {isa = PBXBuildFile; fileRef = 6BCCA6842E0CC5E7007AFA9B /* ChatPlaygroundView.swift */; };
		6BCCA6882E0CC80A007AFA9B /* OpenAI in Frameworks */ = {isa = PBXBuildFile; productRef = 6BCCA6872E0CC80A007AFA9B /* OpenAI */; };
		6BCCA68C2E0F2DF2007AFA9B /* User.swift in Sources */ = {isa = PBXBuildFile; fileRef = 6BCCA68B2E0F2DF2007AFA9B /* User.swift */; };
		6BCCA68F2E0F5802007AFA9B /* SchoolLevelView.swift in Sources */ = {isa = PBXBuildFile; fileRef = 6BCCA68E2E0F5802007AFA9B /* SchoolLevelView.swift */; };
		6BCCA6912E0FA07E007AFA9B /* ScheduleTimes.swift in Sources */ = {isa = PBXBuildFile; fileRef = 6BCCA6902E0FA07E007AFA9B /* ScheduleTimes.swift */; };
		6BCCA6932E1039B3007AFA9B /* GoalsView.swift in Sources */ = {isa = PBXBuildFile; fileRef = 6BCCA6922E1039B3007AFA9B /* GoalsView.swift */; };
		6BCCA6952E1074D8007AFA9B /* WelcomeView.swift in Sources */ = {isa = PBXBuildFile; fileRef = 6BCCA6942E1074D8007AFA9B /* WelcomeView.swift */; };
		6BCCA6972E107875007AFA9B /* Notifications&Widgets.swift in Sources */ = {isa = PBXBuildFile; fileRef = 6BCCA6962E107875007AFA9B /* Notifications&Widgets.swift */; };
		6BCCA69B2E10A93A007AFA9B /* SchoolHoursView.swift in Sources */ = {isa = PBXBuildFile; fileRef = 6BCCA69A2E10A93A007AFA9B /* SchoolHoursView.swift */; };
		6BCCA69D2E10ABB0007AFA9B /* CollegeScheduleView.swift in Sources */ = {isa = PBXBuildFile; fileRef = 6BCCA69C2E10ABB0007AFA9B /* CollegeScheduleView.swift */; };
		6BCCA69F2E11A219007AFA9B /* WorkHoursView.swift in Sources */ = {isa = PBXBuildFile; fileRef = 6BCCA69E2E11A219007AFA9B /* WorkHoursView.swift */; };
		6BFF90832E2568A700892567 /* ExtraCommitmentsView.swift in Sources */ = {isa = PBXBuildFile; fileRef = 6BFF90822E2568A700892567 /* ExtraCommitmentsView.swift */; };
		6BLOGGER12E2568A700892568 /* Logger.swift in Sources */ = {isa = PBXBuildFile; fileRef = 6BLOGGER12E2568A700892567 /* Logger.swift */; };
		6BCONST12E2568A700892569 /* Constants.swift in Sources */ = {isa = PBXBuildFile; fileRef = 6BCONST12E2568A700892568 /* Constants.swift */; };
		6BCONFIG12E2568A700892570 /* AppConfiguration.swift in Sources */ = {isa = PBXBuildFile; fileRef = 6BCONFIG12E2568A700892569 /* AppConfiguration.swift */; };
		6BSERV0012E2568A700892571 /* AutoSchedulingService.swift in Sources */ = {isa = PBXBuildFile; fileRef = 6BSERV0012E2568A700892570 /* AutoSchedulingService.swift */; };
		6BSERV0022E2568A700892572 /* CreditsService.swift in Sources */ = {isa = PBXBuildFile; fileRef = 6BSERV0022E2568A700892571 /* CreditsService.swift */; };
		6BSERV0032E2568A700892573 /* HistoryService.swift in Sources */ = {isa = PBXBuildFile; fileRef = 6BSERV0032E2568A700892572 /* HistoryService.swift */; };
		6BSERV0042E2568A700892574 /* MultiDayPlanner.swift in Sources */ = {isa = PBXBuildFile; fileRef = 6BSERV0042E2568A700892573 /* MultiDayPlanner.swift */; };
		6BSERV0052E2568A700892575 /* ScheduleOptimizer.swift in Sources */ = {isa = PBXBuildFile; fileRef = 6BSERV0052E2568A700892574 /* ScheduleOptimizer.swift */; };
		6BSERV0062E2568A700892576 /* SchedulePreprocessor.swift in Sources */ = {isa = PBXBuildFile; fileRef = 6BSERV0062E2568A700892575 /* SchedulePreprocessor.swift */; };
		6BSERV0072E2568A700892577 /* ScheduleService.swift in Sources */ = {isa = PBXBuildFile; fileRef = 6BSERV0072E2568A700892576 /* ScheduleService.swift */; };
		6BSERV0082E2568A700892578 /* UserService.swift in Sources */ = {isa = PBXBuildFile; fileRef = 6BSERV0082E2568A700892577 /* UserService.swift */; };
/* End PBXBuildFile section */

/* Begin PBXFileReference section */
		6B5A29582E3015BB00900274 /* TimeFlow.entitlements */ = {isa = PBXFileReference; lastKnownFileType = text.plist.entitlements; path = TimeFlow.entitlements; sourceTree = "<group>"; };
		6B5A29592E3016F700900274 /* BackgroundTaskManager.swift */ = {isa = PBXFileReference; lastKnownFileType = sourcecode.swift; path = BackgroundTaskManager.swift; sourceTree = "<group>"; };
		6B5A295C2E30AD8A00900274 /* NotificationManager.swift */ = {isa = PBXFileReference; lastKnownFileType = sourcecode.swift; path = NotificationManager.swift; sourceTree = "<group>"; };
		6B5A295E2E318B5500900274 /* FocusModeView.swift */ = {isa = PBXFileReference; lastKnownFileType = sourcecode.swift; path = FocusModeView.swift; sourceTree = "<group>"; };
		6B5A29602E318B8300900274 /* PieSliceView.swift */ = {isa = PBXFileReference; lastKnownFileType = sourcecode.swift; path = PieSliceView.swift; sourceTree = "<group>"; };
		6B5A29682E33D04F00900274 /* EditScheduleView.swift */ = {isa = PBXFileReference; lastKnownFileType = sourcecode.swift; path = EditScheduleView.swift; sourceTree = "<group>"; };
		6B5A296A2E33E7F000900274 /* AssignmentsView.swift */ = {isa = PBXFileReference; lastKnownFileType = sourcecode.swift; path = AssignmentsView.swift; sourceTree = "<group>"; };
		6B76A34D2E2085A90023A7F4 /* Onboarding.swift */ = {isa = PBXFileReference; lastKnownFileType = sourcecode.swift; path = Onboarding.swift; sourceTree = "<group>"; };
		6B76A3532E208AD30023A7F4 /* UpcomingWorkView.swift */ = {isa = PBXFileReference; lastKnownFileType = sourcecode.swift; path = UpcomingWorkView.swift; sourceTree = "<group>"; };
		6B76A35B2E2361BF0023A7F4 /* Utilities.swift */ = {isa = PBXFileReference; lastKnownFileType = sourcecode.swift; path = Utilities.swift; sourceTree = "<group>"; };
		6B7BE0342DE8F76600E85F7F /* TimeFlow.app */ = {isa = PBXFileReference; explicitFileType = wrapper.application; includeInIndex = 0; path = TimeFlow.app; sourceTree = BUILT_PRODUCTS_DIR; };
		6B7BE0372DE8F76600E85F7F /* TimeFlowApp.swift */ = {isa = PBXFileReference; lastKnownFileType = sourcecode.swift; path = TimeFlowApp.swift; sourceTree = "<group>"; };
		6B7BE0392DE8F76600E85F7F /* ContentView.swift */ = {isa = PBXFileReference; lastKnownFileType = sourcecode.swift; path = ContentView.swift; sourceTree = "<group>"; };
		6B7BE03B2DE8F76700E85F7F /* Assets.xcassets */ = {isa = PBXFileReference; lastKnownFileType = folder.assetcatalog; path = Assets.xcassets; sourceTree = "<group>"; };
		6B7BE03E2DE8F76700E85F7F /* Preview Assets.xcassets */ = {isa = PBXFileReference; lastKnownFileType = folder.assetcatalog; path = "Preview Assets.xcassets"; sourceTree = "<group>"; };
		6B7BE04A2DE8FC1500E85F7F /* HomeView.swift */ = {isa = PBXFileReference; lastKnownFileType = sourcecode.swift; path = HomeView.swift; sourceTree = "<group>"; };
		6B7BE04E2DE933FB00E85F7F /* GoalsDisplayView.swift */ = {isa = PBXFileReference; lastKnownFileType = sourcecode.swift; path = GoalsDisplayView.swift; sourceTree = "<group>"; };
		6B7BE0502DE9340500E85F7F /* AnalyticsView.swift */ = {isa = PBXFileReference; lastKnownFileType = sourcecode.swift; path = AnalyticsView.swift; sourceTree = "<group>"; };
		6B7BE0522DE9340E00E85F7F /* AccountView.swift */ = {isa = PBXFileReference; lastKnownFileType = sourcecode.swift; path = AccountView.swift; sourceTree = "<group>"; };
		6B7BE0552DE934CC00E85F7F /* TabBarView.swift */ = {isa = PBXFileReference; lastKnownFileType = sourcecode.swift; path = TabBarView.swift; sourceTree = "<group>"; };
		6B8E99CA2E04B88A00C2B3DD /* CreateAccView.swift */ = {isa = PBXFileReference; lastKnownFileType = sourcecode.swift; path = CreateAccView.swift; sourceTree = "<group>"; };
		6B8E99CC2E051EEE00C2B3DD /* SignInView.swift */ = {isa = PBXFileReference; lastKnownFileType = sourcecode.swift; path = SignInView.swift; sourceTree = "<group>"; };
		6B92EDFE2DEA80B80050AA0E /* MessageModel.swift */ = {isa = PBXFileReference; lastKnownFileType = sourcecode.swift; path = MessageModel.swift; sourceTree = "<group>"; };
		6B967A4D2E2C565900FEF415 /* AppTheme.swift */ = {isa = PBXFileReference; lastKnownFileType = sourcecode.swift; path = AppTheme.swift; sourceTree = "<group>"; };
		6B97E6502DFA2DB200E1C89D /* ContentModel.swift */ = {isa = PBXFileReference; lastKnownFileType = sourcecode.swift; path = ContentModel.swift; sourceTree = "<group>"; };
		6B97E6542DFA35DD00E1C89D /* LaunchView.swift */ = {isa = PBXFileReference; lastKnownFileType = sourcecode.swift; path = LaunchView.swift; sourceTree = "<group>"; };
		6B97E6572DFA372B00E1C89D /* LoginView.swift */ = {isa = PBXFileReference; lastKnownFileType = sourcecode.swift; path = LoginView.swift; sourceTree = "<group>"; };
		6B97E6592DFA373400E1C89D /* CreateAccountView.swift */ = {isa = PBXFileReference; lastKnownFileType = sourcecode.swift; path = CreateAccountView.swift; sourceTree = "<group>"; };
		6B97E65B2DFE524100E1C89D /* SignInLandingView.swift */ = {isa = PBXFileReference; lastKnownFileType = sourcecode.swift; path = SignInLandingView.swift; sourceTree = "<group>"; };
		6B97E6642E00DAA600E1C89D /* EmailEntryView.swift */ = {isa = PBXFileReference; lastKnownFileType = sourcecode.swift; path = EmailEntryView.swift; sourceTree = "<group>"; };
		6BAAD7E92E05CCB900FFA692 /* GoogleService-Info.plist */ = {isa = PBXFileReference; lastKnownFileType = text.plist.xml; path = "GoogleService-Info.plist"; sourceTree = "<group>"; };
		6BAAD7EB2E05CE1B00FFA692 /* Info.plist */ = {isa = PBXFileReference; lastKnownFileType = text.plist.xml; path = Info.plist; sourceTree = "<group>"; };
		6BACD74A2E12EFA900922CFC /* SubscriptionView.swift */ = {isa = PBXFileReference; lastKnownFileType = sourcecode.swift; path = SubscriptionView.swift; sourceTree = "<group>"; };
		6BACD74D2E1444BE00922CFC /* Extensions.swift */ = {isa = PBXFileReference; lastKnownFileType = sourcecode.swift; path = Extensions.swift; sourceTree = "<group>"; };
		6BB3380F2E11B7D60012AE68 /* RecurringActivityView.swift */ = {isa = PBXFileReference; lastKnownFileType = sourcecode.swift; path = RecurringActivityView.swift; sourceTree = "<group>"; };
		6BCCA67F2E0C8135007AFA9B /* OnBoardingView.swift */ = {isa = PBXFileReference; lastKnownFileType = sourcecode.swift; path = OnBoardingView.swift; sourceTree = "<group>"; };
		6BCCA6842E0CC5E7007AFA9B /* ChatPlaygroundView.swift */ = {isa = PBXFileReference; lastKnownFileType = sourcecode.swift; path = ChatPlaygroundView.swift; sourceTree = "<group>"; };
		6BCCA68B2E0F2DF2007AFA9B /* User.swift */ = {isa = PBXFileReference; lastKnownFileType = sourcecode.swift; path = User.swift; sourceTree = "<group>"; };
		6BCCA68E2E0F5802007AFA9B /* SchoolLevelView.swift */ = {isa = PBXFileReference; lastKnownFileType = sourcecode.swift; path = SchoolLevelView.swift; sourceTree = "<group>"; };
		6BCCA6902E0FA07E007AFA9B /* ScheduleTimes.swift */ = {isa = PBXFileReference; lastKnownFileType = sourcecode.swift; path = ScheduleTimes.swift; sourceTree = "<group>"; };
		6BCCA6922E1039B3007AFA9B /* GoalsView.swift */ = {isa = PBXFileReference; lastKnownFileType = sourcecode.swift; path = GoalsView.swift; sourceTree = "<group>"; };
		6BCCA6942E1074D8007AFA9B /* WelcomeView.swift */ = {isa = PBXFileReference; lastKnownFileType = sourcecode.swift; path = WelcomeView.swift; sourceTree = "<group>"; };
		6BCCA6962E107875007AFA9B /* Notifications&Widgets.swift */ = {isa = PBXFileReference; lastKnownFileType = sourcecode.swift; path = "Notifications&Widgets.swift"; sourceTree = "<group>"; };
		6BCCA69A2E10A93A007AFA9B /* SchoolHoursView.swift */ = {isa = PBXFileReference; lastKnownFileType = sourcecode.swift; path = SchoolHoursView.swift; sourceTree = "<group>"; };
		6BCCA69C2E10ABB0007AFA9B /* CollegeScheduleView.swift */ = {isa = PBXFileReference; lastKnownFileType = sourcecode.swift; path = CollegeScheduleView.swift; sourceTree = "<group>"; };
		6BCCA69E2E11A219007AFA9B /* WorkHoursView.swift */ = {isa = PBXFileReference; lastKnownFileType = sourcecode.swift; path = WorkHoursView.swift; sourceTree = "<group>"; };
		6BFF90822E2568A700892567 /* ExtraCommitmentsView.swift */ = {isa = PBXFileReference; lastKnownFileType = sourcecode.swift; path = ExtraCommitmentsView.swift; sourceTree = "<group>"; };
		6BLOGGER12E2568A700892567 /* Logger.swift */ = {isa = PBXFileReference; lastKnownFileType = sourcecode.swift; path = Logger.swift; sourceTree = "<group>"; };
		6BCONST12E2568A700892568 /* Constants.swift */ = {isa = PBXFileReference; lastKnownFileType = sourcecode.swift; path = Constants.swift; sourceTree = "<group>"; };
		6BCONFIG12E2568A700892569 /* AppConfiguration.swift */ = {isa = PBXFileReference; lastKnownFileType = sourcecode.swift; path = AppConfiguration.swift; sourceTree = "<group>"; };
		6BSERV0012E2568A700892570 /* AutoSchedulingService.swift */ = {isa = PBXFileReference; lastKnownFileType = sourcecode.swift; path = AutoSchedulingService.swift; sourceTree = "<group>"; };
		6BSERV0022E2568A700892571 /* CreditsService.swift */ = {isa = PBXFileReference; lastKnownFileType = sourcecode.swift; path = CreditsService.swift; sourceTree = "<group>"; };
		6BSERV0032E2568A700892572 /* HistoryService.swift */ = {isa = PBXFileReference; lastKnownFileType = sourcecode.swift; path = HistoryService.swift; sourceTree = "<group>"; };
		6BSERV0042E2568A700892573 /* MultiDayPlanner.swift */ = {isa = PBXFileReference; lastKnownFileType = sourcecode.swift; path = MultiDayPlanner.swift; sourceTree = "<group>"; };
		6BSERV0052E2568A700892574 /* ScheduleOptimizer.swift */ = {isa = PBXFileReference; lastKnownFileType = sourcecode.swift; path = ScheduleOptimizer.swift; sourceTree = "<group>"; };
		6BSERV0062E2568A700892575 /* SchedulePreprocessor.swift */ = {isa = PBXFileReference; lastKnownFileType = sourcecode.swift; path = SchedulePreprocessor.swift; sourceTree = "<group>"; };
		6BSERV0072E2568A700892576 /* ScheduleService.swift */ = {isa = PBXFileReference; lastKnownFileType = sourcecode.swift; path = ScheduleService.swift; sourceTree = "<group>"; };
		6BSERV0082E2568A700892577 /* UserService.swift */ = {isa = PBXFileReference; lastKnownFileType = sourcecode.swift; path = UserService.swift; sourceTree = "<group>"; };
/* End PBXFileReference section */

/* Begin PBXFrameworksBuildPhase section */
		6B7BE0312DE8F76600E85F7F /* Frameworks */ = {
			isa = PBXFrameworksBuildPhase;
			buildActionMask = 2147483647;
			files = (
				6B97E6612DFE56F400E1C89D /* GoogleSignIn in Frameworks */,
				6B63AC572DEBAA710002FFEC /* FirebaseCore in Frameworks */,
				6B63AC592DEBAA710002FFEC /* FirebaseFunctions in Frameworks */,
				6B97E6632DFE56F400E1C89D /* GoogleSignInSwift in Frameworks */,
				6BCCA6882E0CC80A007AFA9B /* OpenAI in Frameworks */,
				6B97E64D2DFA16F900E1C89D /* FirebaseFirestore in Frameworks */,
				6B97E6532DFA2DD900E1C89D /* FirebaseAuth in Frameworks */,
			);
			runOnlyForDeploymentPostprocessing = 0;
		};
/* End PBXFrameworksBuildPhase section */

/* Begin PBXGroup section */
		6B5A29552E2FF5ED00900274 /* Theme-Utilities */ = {
			isa = PBXGroup;
			children = (
				6BACD74D2E1444BE00922CFC /* Extensions.swift */,
				6B967A4D2E2C565900FEF415 /* AppTheme.swift */,
				6B76A35B2E2361BF0023A7F4 /* Utilities.swift */,
				6B5A29592E3016F700900274 /* BackgroundTaskManager.swift */,
				6BLOGGER12E2568A700892567 /* Logger.swift */,
				6BCONST12E2568A700892568 /* Constants.swift */,
			);
			path = "Theme-Utilities";
			sourceTree = "<group>";
		};
		6B5A295B2E30AD7D00900274 /* Notifications */ = {
			isa = PBXGroup;
			children = (
				6B5A295C2E30AD8A00900274 /* NotificationManager.swift */,
			);
			path = Notifications;
			sourceTree = "<group>";
		};
		6B7BE02B2DE8F76600E85F7F = {
			isa = PBXGroup;
			children = (
				6B7BE0362DE8F76600E85F7F /* TimeFlow */,
				6B7BE0352DE8F76600E85F7F /* Products */,
			);
			sourceTree = "<group>";
		};
		6B7BE0352DE8F76600E85F7F /* Products */ = {
			isa = PBXGroup;
			children = (
				6B7BE0342DE8F76600E85F7F /* TimeFlow.app */,
			);
			name = Products;
			sourceTree = "<group>";
		};
		6B7BE0362DE8F76600E85F7F /* TimeFlow */ = {
			isa = PBXGroup;
			children = (
				6B7BE0372DE8F76600E85F7F /* TimeFlowApp.swift */,
				6B97E6542DFA35DD00E1C89D /* LaunchView.swift */,
				6B7BE0452DE8F94C00E85F7F /* Model */,
				6B7BE0462DE8F95400E85F7F /* View */,
				6B7BE0472DE8F95C00E85F7F /* ViewModel */,
				6BCCA6812E0CC5A4007AFA9B /* AI_Manager */,
				6B5A295B2E30AD7D00900274 /* Notifications */,
				6B5A29552E2FF5ED00900274 /* Theme-Utilities */,
				6BCONFIG12E2568A700892580 /* Configuration */,
				6BSERV0092E2568A700892581 /* Services */,
				6B7BE03B2DE8F76700E85F7F /* Assets.xcassets */,
				6BAAD7EB2E05CE1B00FFA692 /* Info.plist */,
				6BAAD7E92E05CCB900FFA692 /* GoogleService-Info.plist */,
				6B5A29582E3015BB00900274 /* TimeFlow.entitlements */,
				6B7BE03D2DE8F76700E85F7F /* Preview Content */,
			);
			path = TimeFlow;
			sourceTree = "<group>";
		};
		6B7BE03D2DE8F76700E85F7F /* Preview Content */ = {
			isa = PBXGroup;
			children = (
				6B7BE03E2DE8F76700E85F7F /* Preview Assets.xcassets */,
			);
			path = "Preview Content";
			sourceTree = "<group>";
		};
		6B7BE0452DE8F94C00E85F7F /* Model */ = {
			isa = PBXGroup;
			children = (
				6B92EDFE2DEA80B80050AA0E /* MessageModel.swift */,
				6BCCA68B2E0F2DF2007AFA9B /* User.swift */,
				6B76A34D2E2085A90023A7F4 /* Onboarding.swift */,
			);
			path = Model;
			sourceTree = "<group>";
		};
		6B7BE0462DE8F95400E85F7F /* View */ = {
			isa = PBXGroup;
			children = (
				6B7BE0392DE8F76600E85F7F /* ContentView.swift */,
				6B8E99C92E04B85E00C2B3DD /* Authentication */,
				6BCCA68D2E0F57B7007AFA9B /* OnBoarding */,
				6B7BE0542DE934C200E85F7F /* Objects */,
				6B7BE04A2DE8FC1500E85F7F /* HomeView.swift */,
				6B7BE04E2DE933FB00E85F7F /* GoalsDisplayView.swift */,
				6B7BE0502DE9340500E85F7F /* AnalyticsView.swift */,
				6B7BE0522DE9340E00E85F7F /* AccountView.swift */,
				6BFF90822E2568A700892567 /* ExtraCommitmentsView.swift */,
				6B5A29682E33D04F00900274 /* EditScheduleView.swift */,
				6B5A296A2E33E7F000900274 /* AssignmentsView.swift */,
				6B5A295E2E318B5500900274 /* FocusModeView.swift */,
				6B5A29602E318B8300900274 /* PieSliceView.swift */,
			);
			path = View;
			sourceTree = "<group>";
		};
		6B7BE0472DE8F95C00E85F7F /* ViewModel */ = {
			isa = PBXGroup;
			children = (
				6B97E6502DFA2DB200E1C89D /* ContentModel.swift */,
			);
			path = ViewModel;
			sourceTree = "<group>";
		};
		6B7BE0542DE934C200E85F7F /* Objects */ = {
			isa = PBXGroup;
			children = (
				6B7BE0552DE934CC00E85F7F /* TabBarView.swift */,
				6B97E6562DFA371D00E1C89D /* Forms */,
			);
			path = Objects;
			sourceTree = "<group>";
		};
		6B8E99C92E04B85E00C2B3DD /* Authentication */ = {
			isa = PBXGroup;
			children = (
				6B97E65B2DFE524100E1C89D /* SignInLandingView.swift */,
				6B97E6642E00DAA600E1C89D /* EmailEntryView.swift */,
				6B8E99CA2E04B88A00C2B3DD /* CreateAccView.swift */,
				6B8E99CC2E051EEE00C2B3DD /* SignInView.swift */,
			);
			path = Authentication;
			sourceTree = "<group>";
		};
		6B97E6562DFA371D00E1C89D /* Forms */ = {
			isa = PBXGroup;
			children = (
				6B97E6572DFA372B00E1C89D /* LoginView.swift */,
				6B97E6592DFA373400E1C89D /* CreateAccountView.swift */,
			);
			path = Forms;
			sourceTree = "<group>";
		};
		6BACD74C2E13687E00922CFC /* OnBoardingPages */ = {
			isa = PBXGroup;
			children = (
				6BCCA6942E1074D8007AFA9B /* WelcomeView.swift */,
				6BCCA68E2E0F5802007AFA9B /* SchoolLevelView.swift */,
				6BB338132E120F340012AE68 /* CareerHours */,
				6BCCA6902E0FA07E007AFA9B /* ScheduleTimes.swift */,
				6BCCA6922E1039B3007AFA9B /* GoalsView.swift */,
				6BB3380F2E11B7D60012AE68 /* RecurringActivityView.swift */,
				6B76A3532E208AD30023A7F4 /* UpcomingWorkView.swift */,
				6BCCA6962E107875007AFA9B /* Notifications&Widgets.swift */,
				6BACD74A2E12EFA900922CFC /* SubscriptionView.swift */,
			);
			path = OnBoardingPages;
			sourceTree = "<group>";
		};
		6BB338132E120F340012AE68 /* CareerHours */ = {
			isa = PBXGroup;
			children = (
				6BCCA69A2E10A93A007AFA9B /* SchoolHoursView.swift */,
				6BCCA69C2E10ABB0007AFA9B /* CollegeScheduleView.swift */,
				6BCCA69E2E11A219007AFA9B /* WorkHoursView.swift */,
			);
			path = CareerHours;
			sourceTree = "<group>";
		};
		6BCCA6812E0CC5A4007AFA9B /* AI_Manager */ = {
			isa = PBXGroup;
			children = (
				6BCCA6842E0CC5E7007AFA9B /* ChatPlaygroundView.swift */,
			);
			path = AI_Manager;
			sourceTree = "<group>";
		};
		6BCONFIG12E2568A700892580 /* Configuration */ = {
			isa = PBXGroup;
			children = (
				6BCONFIG12E2568A700892569 /* AppConfiguration.swift */,
			);
			path = Configuration;
			sourceTree = "<group>";
		};
		6BSERV0092E2568A700892581 /* Services */ = {
			isa = PBXGroup;
			children = (
				6BSERV0012E2568A700892570 /* AutoSchedulingService.swift */,
				6BSERV0022E2568A700892571 /* CreditsService.swift */,
				6BSERV0032E2568A700892572 /* HistoryService.swift */,
				6BSERV0042E2568A700892573 /* MultiDayPlanner.swift */,
				6BSERV0052E2568A700892574 /* ScheduleOptimizer.swift */,
				6BSERV0062E2568A700892575 /* SchedulePreprocessor.swift */,
				6BSERV0072E2568A700892576 /* ScheduleService.swift */,
				6BSERV0082E2568A700892577 /* UserService.swift */,
			);
			path = Services;
			sourceTree = "<group>";
		};
		6BCCA68D2E0F57B7007AFA9B /* OnBoarding */ = {
			isa = PBXGroup;
			children = (
				6BCCA67F2E0C8135007AFA9B /* OnBoardingView.swift */,
				6BACD74C2E13687E00922CFC /* OnBoardingPages */,
			);
			path = OnBoarding;
			sourceTree = "<group>";
		};
/* End PBXGroup section */

/* Begin PBXNativeTarget section */
		6B7BE0332DE8F76600E85F7F /* TimeFlow */ = {
			isa = PBXNativeTarget;
			buildConfigurationList = 6B7BE0422DE8F76700E85F7F /* Build configuration list for PBXNativeTarget "TimeFlow" */;
			buildPhases = (
				6B7BE0302DE8F76600E85F7F /* Sources */,
				6B7BE0312DE8F76600E85F7F /* Frameworks */,
				6B7BE0322DE8F76600E85F7F /* Resources */,
			);
			buildRules = (
			);
			dependencies = (
			);
			name = TimeFlow;
			packageProductDependencies = (
				6B63AC562DEBAA710002FFEC /* FirebaseCore */,
				6B63AC582DEBAA710002FFEC /* FirebaseFunctions */,
				6B97E64C2DFA16F900E1C89D /* FirebaseFirestore */,
				6B97E6522DFA2DD900E1C89D /* FirebaseAuth */,
				6B97E6602DFE56F400E1C89D /* GoogleSignIn */,
				6B97E6622DFE56F400E1C89D /* GoogleSignInSwift */,
				6BCCA6872E0CC80A007AFA9B /* OpenAI */,
			);
			productName = TimeFlow;
			productReference = 6B7BE0342DE8F76600E85F7F /* TimeFlow.app */;
			productType = "com.apple.product-type.application";
		};
/* End PBXNativeTarget section */

/* Begin PBXProject section */
		6B7BE02C2DE8F76600E85F7F /* Project object */ = {
			isa = PBXProject;
			attributes = {
				BuildIndependentTargetsInParallel = 1;
				LastSwiftUpdateCheck = 1540;
				LastUpgradeCheck = 1640;
				TargetAttributes = {
					6B7BE0332DE8F76600E85F7F = {
						CreatedOnToolsVersion = 15.4;
					};
				};
			};
			buildConfigurationList = 6B7BE02F2DE8F76600E85F7F /* Build configuration list for PBXProject "TimeFlow" */;
			compatibilityVersion = "Xcode 14.0";
			developmentRegion = en;
			hasScannedForEncodings = 0;
			knownRegions = (
				en,
				Base,
			);
			mainGroup = 6B7BE02B2DE8F76600E85F7F;
			packageReferences = (
				6B63AC552DEBAA710002FFEC /* XCRemoteSwiftPackageReference "firebase-ios-sdk" */,
				6B97E65F2DFE56F400E1C89D /* XCRemoteSwiftPackageReference "GoogleSignIn-iOS" */,
				6BCCA6862E0CC80A007AFA9B /* XCRemoteSwiftPackageReference "OpenAI" */,
			);
			productRefGroup = 6B7BE0352DE8F76600E85F7F /* Products */;
			projectDirPath = "";
			projectRoot = "";
			targets = (
				6B7BE0332DE8F76600E85F7F /* TimeFlow */,
			);
		};
/* End PBXProject section */

/* Begin PBXResourcesBuildPhase section */
		6B7BE0322DE8F76600E85F7F /* Resources */ = {
			isa = PBXResourcesBuildPhase;
			buildActionMask = 2147483647;
			files = (
				6BAAD7EA2E05CCB900FFA692 /* GoogleService-Info.plist in Resources */,
				6B7BE03F2DE8F76700E85F7F /* Preview Assets.xcassets in Resources */,
				6B7BE03C2DE8F76700E85F7F /* Assets.xcassets in Resources */,
			);
			runOnlyForDeploymentPostprocessing = 0;
		};
/* End PBXResourcesBuildPhase section */

/* Begin PBXSourcesBuildPhase section */
		6B7BE0302DE8F76600E85F7F /* Sources */ = {
			isa = PBXSourcesBuildPhase;
			buildActionMask = 2147483647;
			files = (
				6BCCA69F2E11A219007AFA9B /* WorkHoursView.swift in Sources */,
				6B5A29612E318B8600900274 /* PieSliceView.swift in Sources */,
				6BACD74B2E12EFA900922CFC /* SubscriptionView.swift in Sources */,
				6B8E99CB2E04B88A00C2B3DD /* CreateAccView.swift in Sources */,
				6B7BE04B2DE8FC1500E85F7F /* HomeView.swift in Sources */,
				6BCCA6952E1074D8007AFA9B /* WelcomeView.swift in Sources */,
				6BCCA68F2E0F5802007AFA9B /* SchoolLevelView.swift in Sources */,
				6BCCA6912E0FA07E007AFA9B /* ScheduleTimes.swift in Sources */,
				6B7BE0562DE934CC00E85F7F /* TabBarView.swift in Sources */,
				6B97E6582DFA372B00E1C89D /* LoginView.swift in Sources */,
				6B5A296B2E33E7F300900274 /* AssignmentsView.swift in Sources */,
				6BCCA68C2E0F2DF2007AFA9B /* User.swift in Sources */,
				6BCCA6852E0CC5E7007AFA9B /* ChatPlaygroundView.swift in Sources */,
				6B5A29692E33D07F00900274 /* EditScheduleView.swift in Sources */,
				6B967A4E2E2C565D00FEF415 /* AppTheme.swift in Sources */,
				6B97E65C2DFE524B00E1C89D /* SignInLandingView.swift in Sources */,
				6B97E6552DFA35DD00E1C89D /* LaunchView.swift in Sources */,
				6B7BE03A2DE8F76600E85F7F /* ContentView.swift in Sources */,
				6BB338102E11B7D60012AE68 /* RecurringActivityView.swift in Sources */,
				6BCCA69B2E10A93A007AFA9B /* SchoolHoursView.swift in Sources */,
				6B5A295F2E318B5600900274 /* FocusModeView.swift in Sources */,
				6B76A34E2E2085AE0023A7F4 /* Onboarding.swift in Sources */,
				6B97E6652E00DAA600E1C89D /* EmailEntryView.swift in Sources */,
				6B76A3542E208AD30023A7F4 /* UpcomingWorkView.swift in Sources */,
				6BCCA6802E0C8135007AFA9B /* OnBoardingView.swift in Sources */,
				6B97E6512DFA2DB200E1C89D /* ContentModel.swift in Sources */,
				6BACD74E2E1444BE00922CFC /* Extensions.swift in Sources */,
				6B7BE0512DE9340500E85F7F /* AnalyticsView.swift in Sources */,
				6B7BE0532DE9340E00E85F7F /* AccountView.swift in Sources */,
				6B7BE0382DE8F76600E85F7F /* TimeFlowApp.swift in Sources */,
				6B92EDFF2DEA80B80050AA0E /* MessageModel.swift in Sources */,
				6BCCA69D2E10ABB0007AFA9B /* CollegeScheduleView.swift in Sources */,
				6B8E99CD2E051EEE00C2B3DD /* SignInView.swift in Sources */,
				6BFF90832E2568A700892567 /* ExtraCommitmentsView.swift in Sources */,
				6B76A35C2E2361C30023A7F4 /* Utilities.swift in Sources */,
				6B7BE04F2DE933FB00E85F7F /* GoalsDisplayView.swift in Sources */,
				6BCCA6972E107875007AFA9B /* Notifications&Widgets.swift in Sources */,
				6B5A295A2E3016F800900274 /* BackgroundTaskManager.swift in Sources */,
				6B97E65A2DFA373400E1C89D /* CreateAccountView.swift in Sources */,
				6B5A295D2E30AD8D00900274 /* NotificationManager.swift in Sources */,
				6BLOGGER12E2568A700892568 /* Logger.swift in Sources */,
				6BCONST12E2568A700892569 /* Constants.swift in Sources */,
				6BCONFIG12E2568A700892570 /* AppConfiguration.swift in Sources */,
				6BSERV0012E2568A700892571 /* AutoSchedulingService.swift in Sources */,
				6BSERV0022E2568A700892572 /* CreditsService.swift in Sources */,
				6BSERV0032E2568A700892573 /* HistoryService.swift in Sources */,
				6BSERV0042E2568A700892574 /* MultiDayPlanner.swift in Sources */,
				6BSERV0052E2568A700892575 /* ScheduleOptimizer.swift in Sources */,
				6BSERV0062E2568A700892576 /* SchedulePreprocessor.swift in Sources */,
				6BSERV0072E2568A700892577 /* ScheduleService.swift in Sources */,
				6BSERV0082E2568A700892578 /* UserService.swift in Sources */,
				6BCCA6932E1039B3007AFA9B /* GoalsView.swift in Sources */,
			);
			runOnlyForDeploymentPostprocessing = 0;
		};
/* End PBXSourcesBuildPhase section */

/* Begin XCBuildConfiguration section */
		6B7BE0402DE8F76700E85F7F /* Debug */ = {
			isa = XCBuildConfiguration;
			buildSettings = {
				ALWAYS_SEARCH_USER_PATHS = NO;
				ASSETCATALOG_COMPILER_GENERATE_SWIFT_ASSET_SYMBOL_EXTENSIONS = YES;
				CLANG_ANALYZER_NONNULL = YES;
				CLANG_ANALYZER_NUMBER_OBJECT_CONVERSION = YES_AGGRESSIVE;
				CLANG_CXX_LANGUAGE_STANDARD = "gnu++20";
				CLANG_ENABLE_MODULES = YES;
				CLANG_ENABLE_OBJC_ARC = YES;
				CLANG_ENABLE_OBJC_WEAK = YES;
				CLANG_WARN_BLOCK_CAPTURE_AUTORELEASING = YES;
				CLANG_WARN_BOOL_CONVERSION = YES;
				CLANG_WARN_COMMA = YES;
				CLANG_WARN_CONSTANT_CONVERSION = YES;
				CLANG_WARN_DEPRECATED_OBJC_IMPLEMENTATIONS = YES;
				CLANG_WARN_DIRECT_OBJC_ISA_USAGE = YES_ERROR;
				CLANG_WARN_DOCUMENTATION_COMMENTS = YES;
				CLANG_WARN_EMPTY_BODY = YES;
				CLANG_WARN_ENUM_CONVERSION = YES;
				CLANG_WARN_INFINITE_RECURSION = YES;
				CLANG_WARN_INT_CONVERSION = YES;
				CLANG_WARN_NON_LITERAL_NULL_CONVERSION = YES;
				CLANG_WARN_OBJC_IMPLICIT_RETAIN_SELF = YES;
				CLANG_WARN_OBJC_LITERAL_CONVERSION = YES;
				CLANG_WARN_OBJC_ROOT_CLASS = YES_ERROR;
				CLANG_WARN_QUOTED_INCLUDE_IN_FRAMEWORK_HEADER = YES;
				CLANG_WARN_RANGE_LOOP_ANALYSIS = YES;
				CLANG_WARN_STRICT_PROTOTYPES = YES;
				CLANG_WARN_SUSPICIOUS_MOVE = YES;
				CLANG_WARN_UNGUARDED_AVAILABILITY = YES_AGGRESSIVE;
				CLANG_WARN_UNREACHABLE_CODE = YES;
				CLANG_WARN__DUPLICATE_METHOD_MATCH = YES;
				COPY_PHASE_STRIP = NO;
				DEBUG_INFORMATION_FORMAT = dwarf;
				DEVELOPMENT_TEAM = T2N8K868AL;
				ENABLE_STRICT_OBJC_MSGSEND = YES;
				ENABLE_TESTABILITY = YES;
				ENABLE_USER_SCRIPT_SANDBOXING = YES;
				GCC_C_LANGUAGE_STANDARD = gnu17;
				GCC_DYNAMIC_NO_PIC = NO;
				GCC_NO_COMMON_BLOCKS = YES;
				GCC_OPTIMIZATION_LEVEL = 0;
				GCC_PREPROCESSOR_DEFINITIONS = (
					"DEBUG=1",
					"$(inherited)",
				);
				GCC_WARN_64_TO_32_BIT_CONVERSION = YES;
				GCC_WARN_ABOUT_RETURN_TYPE = YES_ERROR;
				GCC_WARN_UNDECLARED_SELECTOR = YES;
				GCC_WARN_UNINITIALIZED_AUTOS = YES_AGGRESSIVE;
				GCC_WARN_UNUSED_FUNCTION = YES;
				GCC_WARN_UNUSED_VARIABLE = YES;
				IPHONEOS_DEPLOYMENT_TARGET = 17.5;
				LOCALIZATION_PREFERS_STRING_CATALOGS = YES;
				MTL_ENABLE_DEBUG_INFO = INCLUDE_SOURCE;
				MTL_FAST_MATH = YES;
				ONLY_ACTIVE_ARCH = YES;
				SDKROOT = iphoneos;
				SWIFT_ACTIVE_COMPILATION_CONDITIONS = "DEBUG $(inherited)";
				SWIFT_OPTIMIZATION_LEVEL = "-Onone";
			};
			name = Debug;
		};
		6B7BE0412DE8F76700E85F7F /* Release */ = {
			isa = XCBuildConfiguration;
			buildSettings = {
				ALWAYS_SEARCH_USER_PATHS = NO;
				ASSETCATALOG_COMPILER_GENERATE_SWIFT_ASSET_SYMBOL_EXTENSIONS = YES;
				CLANG_ANALYZER_NONNULL = YES;
				CLANG_ANALYZER_NUMBER_OBJECT_CONVERSION = YES_AGGRESSIVE;
				CLANG_CXX_LANGUAGE_STANDARD = "gnu++20";
				CLANG_ENABLE_MODULES = YES;
				CLANG_ENABLE_OBJC_ARC = YES;
				CLANG_ENABLE_OBJC_WEAK = YES;
				CLANG_WARN_BLOCK_CAPTURE_AUTORELEASING = YES;
				CLANG_WARN_BOOL_CONVERSION = YES;
				CLANG_WARN_COMMA = YES;
				CLANG_WARN_CONSTANT_CONVERSION = YES;
				CLANG_WARN_DEPRECATED_OBJC_IMPLEMENTATIONS = YES;
				CLANG_WARN_DIRECT_OBJC_ISA_USAGE = YES_ERROR;
				CLANG_WARN_DOCUMENTATION_COMMENTS = YES;
				CLANG_WARN_EMPTY_BODY = YES;
				CLANG_WARN_ENUM_CONVERSION = YES;
				CLANG_WARN_INFINITE_RECURSION = YES;
				CLANG_WARN_INT_CONVERSION = YES;
				CLANG_WARN_NON_LITERAL_NULL_CONVERSION = YES;
				CLANG_WARN_OBJC_IMPLICIT_RETAIN_SELF = YES;
				CLANG_WARN_OBJC_LITERAL_CONVERSION = YES;
				CLANG_WARN_OBJC_ROOT_CLASS = YES_ERROR;
				CLANG_WARN_QUOTED_INCLUDE_IN_FRAMEWORK_HEADER = YES;
				CLANG_WARN_RANGE_LOOP_ANALYSIS = YES;
				CLANG_WARN_STRICT_PROTOTYPES = YES;
				CLANG_WARN_SUSPICIOUS_MOVE = YES;
				CLANG_WARN_UNGUARDED_AVAILABILITY = YES_AGGRESSIVE;
				CLANG_WARN_UNREACHABLE_CODE = YES;
				CLANG_WARN__DUPLICATE_METHOD_MATCH = YES;
				COPY_PHASE_STRIP = NO;
				DEBUG_INFORMATION_FORMAT = "dwarf-with-dsym";
				DEVELOPMENT_TEAM = T2N8K868AL;
				ENABLE_NS_ASSERTIONS = NO;
				ENABLE_STRICT_OBJC_MSGSEND = YES;
				ENABLE_USER_SCRIPT_SANDBOXING = YES;
				GCC_C_LANGUAGE_STANDARD = gnu17;
				GCC_NO_COMMON_BLOCKS = YES;
				GCC_WARN_64_TO_32_BIT_CONVERSION = YES;
				GCC_WARN_ABOUT_RETURN_TYPE = YES_ERROR;
				GCC_WARN_UNDECLARED_SELECTOR = YES;
				GCC_WARN_UNINITIALIZED_AUTOS = YES_AGGRESSIVE;
				GCC_WARN_UNUSED_FUNCTION = YES;
				GCC_WARN_UNUSED_VARIABLE = YES;
				IPHONEOS_DEPLOYMENT_TARGET = 17.5;
				LOCALIZATION_PREFERS_STRING_CATALOGS = YES;
				MTL_ENABLE_DEBUG_INFO = NO;
				MTL_FAST_MATH = YES;
				SDKROOT = iphoneos;
				SWIFT_COMPILATION_MODE = wholemodule;
				VALIDATE_PRODUCT = YES;
			};
			name = Release;
		};
		6B7BE0432DE8F76700E85F7F /* Debug */ = {
			isa = XCBuildConfiguration;
			buildSettings = {
				ASSETCATALOG_COMPILER_APPICON_NAME = AppIcon;
				ASSETCATALOG_COMPILER_GLOBAL_ACCENT_COLOR_NAME = AccentColor;
				CODE_SIGN_ENTITLEMENTS = TimeFlow/TimeFlow.entitlements;
				CODE_SIGN_STYLE = Automatic;
				CURRENT_PROJECT_VERSION = 1;
				DEVELOPMENT_ASSET_PATHS = "\"TimeFlow/Preview Content\"";
				DEVELOPMENT_TEAM = YJWAMJK3WL;
				ENABLE_PREVIEWS = YES;
				GENERATE_INFOPLIST_FILE = YES;
				INFOPLIST_FILE = TimeFlow/Info.plist;
				INFOPLIST_KEY_UIApplicationSceneManifest_Generation = YES;
				INFOPLIST_KEY_UIApplicationSupportsIndirectInputEvents = YES;
				INFOPLIST_KEY_UILaunchScreen_Generation = YES;
				INFOPLIST_KEY_UISupportedInterfaceOrientations_iPad = "UIInterfaceOrientationPortrait UIInterfaceOrientationPortraitUpsideDown UIInterfaceOrientationLandscapeLeft UIInterfaceOrientationLandscapeRight";
				INFOPLIST_KEY_UISupportedInterfaceOrientations_iPhone = "UIInterfaceOrientationPortrait UIInterfaceOrientationLandscapeLeft UIInterfaceOrientationLandscapeRight";
				LD_RUNPATH_SEARCH_PATHS = (
					"$(inherited)",
					"@executable_path/Frameworks",
				);
				MARKETING_VERSION = 1.0;
				PRODUCT_BUNDLE_IDENTIFIER = com.AdamRess.TimeFlow;
				PRODUCT_NAME = "$(TARGET_NAME)";
				SWIFT_EMIT_LOC_STRINGS = YES;
				SWIFT_VERSION = 5.0;
				TARGETED_DEVICE_FAMILY = "1,2";
			};
			name = Debug;
		};
		6B7BE0442DE8F76700E85F7F /* Release */ = {
			isa = XCBuildConfiguration;
			buildSettings = {
				ASSETCATALOG_COMPILER_APPICON_NAME = AppIcon;
				ASSETCATALOG_COMPILER_GLOBAL_ACCENT_COLOR_NAME = AccentColor;
				CODE_SIGN_ENTITLEMENTS = TimeFlow/TimeFlow.entitlements;
				CODE_SIGN_STYLE = Automatic;
				CURRENT_PROJECT_VERSION = 1;
				DEVELOPMENT_ASSET_PATHS = "\"TimeFlow/Preview Content\"";
				DEVELOPMENT_TEAM = YJWAMJK3WL;
				ENABLE_PREVIEWS = YES;
				GENERATE_INFOPLIST_FILE = YES;
				INFOPLIST_FILE = TimeFlow/Info.plist;
				INFOPLIST_KEY_UIApplicationSceneManifest_Generation = YES;
				INFOPLIST_KEY_UIApplicationSupportsIndirectInputEvents = YES;
				INFOPLIST_KEY_UILaunchScreen_Generation = YES;
				INFOPLIST_KEY_UISupportedInterfaceOrientations_iPad = "UIInterfaceOrientationPortrait UIInterfaceOrientationPortraitUpsideDown UIInterfaceOrientationLandscapeLeft UIInterfaceOrientationLandscapeRight";
				INFOPLIST_KEY_UISupportedInterfaceOrientations_iPhone = "UIInterfaceOrientationPortrait UIInterfaceOrientationLandscapeLeft UIInterfaceOrientationLandscapeRight";
				LD_RUNPATH_SEARCH_PATHS = (
					"$(inherited)",
					"@executable_path/Frameworks",
				);
				MARKETING_VERSION = 1.0;
				PRODUCT_BUNDLE_IDENTIFIER = com.AdamRess.TimeFlow;
				PRODUCT_NAME = "$(TARGET_NAME)";
				SWIFT_EMIT_LOC_STRINGS = YES;
				SWIFT_VERSION = 5.0;
				TARGETED_DEVICE_FAMILY = "1,2";
			};
			name = Release;
		};
/* End XCBuildConfiguration section */

/* Begin XCConfigurationList section */
		6B7BE02F2DE8F76600E85F7F /* Build configuration list for PBXProject "TimeFlow" */ = {
			isa = XCConfigurationList;
			buildConfigurations = (
				6B7BE0402DE8F76700E85F7F /* Debug */,
				6B7BE0412DE8F76700E85F7F /* Release */,
			);
			defaultConfigurationIsVisible = 0;
			defaultConfigurationName = Release;
		};
		6B7BE0422DE8F76700E85F7F /* Build configuration list for PBXNativeTarget "TimeFlow" */ = {
			isa = XCConfigurationList;
			buildConfigurations = (
				6B7BE0432DE8F76700E85F7F /* Debug */,
				6B7BE0442DE8F76700E85F7F /* Release */,
			);
			defaultConfigurationIsVisible = 0;
			defaultConfigurationName = Release;
		};
/* End XCConfigurationList section */

/* Begin XCRemoteSwiftPackageReference section */
		6B63AC552DEBAA710002FFEC /* XCRemoteSwiftPackageReference "firebase-ios-sdk" */ = {
			isa = XCRemoteSwiftPackageReference;
			repositoryURL = "https://github.com/firebase/firebase-ios-sdk";
			requirement = {
				kind = upToNextMajorVersion;
				minimumVersion = 11.13.0;
			};
		};
		6B97E65F2DFE56F400E1C89D /* XCRemoteSwiftPackageReference "GoogleSignIn-iOS" */ = {
			isa = XCRemoteSwiftPackageReference;
			repositoryURL = "https://github.com/google/GoogleSignIn-iOS.git";
			requirement = {
				kind = upToNextMajorVersion;
				minimumVersion = 8.0.0;
			};
		};
		6BCCA6862E0CC80A007AFA9B /* XCRemoteSwiftPackageReference "OpenAI" */ = {
			isa = XCRemoteSwiftPackageReference;
			repositoryURL = "https://github.com/MacPaw/OpenAI.git";
			requirement = {
				kind = upToNextMajorVersion;
				minimumVersion = 0.4.3;
			};
		};
/* End XCRemoteSwiftPackageReference section */

/* Begin XCSwiftPackageProductDependency section */
		6B63AC562DEBAA710002FFEC /* FirebaseCore */ = {
			isa = XCSwiftPackageProductDependency;
			package = 6B63AC552DEBAA710002FFEC /* XCRemoteSwiftPackageReference "firebase-ios-sdk" */;
			productName = FirebaseCore;
		};
		6B63AC582DEBAA710002FFEC /* FirebaseFunctions */ = {
			isa = XCSwiftPackageProductDependency;
			package = 6B63AC552DEBAA710002FFEC /* XCRemoteSwiftPackageReference "firebase-ios-sdk" */;
			productName = FirebaseFunctions;
		};
		6B97E64C2DFA16F900E1C89D /* FirebaseFirestore */ = {
			isa = XCSwiftPackageProductDependency;
			productName = FirebaseFirestore;
		};
		6B97E6522DFA2DD900E1C89D /* FirebaseAuth */ = {
			isa = XCSwiftPackageProductDependency;
			productName = FirebaseAuth;
		};
		6B97E6602DFE56F400E1C89D /* GoogleSignIn */ = {
			isa = XCSwiftPackageProductDependency;
			package = 6B97E65F2DFE56F400E1C89D /* XCRemoteSwiftPackageReference "GoogleSignIn-iOS" */;
			productName = GoogleSignIn;
		};
		6B97E6622DFE56F400E1C89D /* GoogleSignInSwift */ = {
			isa = XCSwiftPackageProductDependency;
			package = 6B97E65F2DFE56F400E1C89D /* XCRemoteSwiftPackageReference "GoogleSignIn-iOS" */;
			productName = GoogleSignInSwift;
		};
		6BCCA6872E0CC80A007AFA9B /* OpenAI */ = {
			isa = XCSwiftPackageProductDependency;
			package = 6BCCA6862E0CC80A007AFA9B /* XCRemoteSwiftPackageReference "OpenAI" */;
			productName = OpenAI;
		};
/* End XCSwiftPackageProductDependency section */
	};
	rootObject = 6B7BE02C2DE8F76600E85F7F /* Project object */;
}
